
Microsoft Visual Studio Solution File, Format Version 12.00
# Visual Studio Version 16
VisualStudioVersion = 16.0.30523.141
MinimumVisualStudioVersion = 10.0.40219.1
Project("{FAE04EC0-301F-11D3-BF4B-00C04F79EFBC}") = "Prova WebSistema Ex4", "Prova WebSistema Ex4\Prova WebSistema Ex4.csproj", "{18391734-8AEC-4B9D-8C0D-FF6744F2A9B5}"
EndProject
Global
	GlobalSection(SolutionConfigurationPlatforms) = preSolution
		Debug|Any CPU = Debug|Any CPU
		Release|Any CPU = Release|Any CPU
	EndGlobalSection
	GlobalSection(ProjectConfigurationPlatforms) = postSolution
		{18391734-8AEC-4B9D-8C0D-FF6744F2A9B5}.Debug|Any CPU.ActiveCfg = Debug|Any CPU
		{18391734-8AEC-4B9D-8C0D-FF6744F2A9B5}.Debug|Any CPU.Build.0 = Debug|Any CPU
		{18391734-8AEC-4B9D-8C0D-FF6744F2A9B5}.Release|Any CPU.ActiveCfg = Release|Any CPU
		{18391734-8AEC-4B9D-8C0D-FF6744F2A9B5}.Release|Any CPU.Build.0 = Release|Any CPU
	EndGlobalSection
	GlobalSection(SolutionProperties) = preSolution
		HideSolutionNode = FALSE
	EndGlobalSection
	GlobalSection(ExtensibilityGlobals) = postSolution
		SolutionGuid = {3A34E73A-2A67-4394-8D71-6B4D773F2B87}
	EndGlobalSection
EndGlobal
